<?xml version="1.0" encoding="utf-8"?>
<Project ToolsVersion="4.0" xmlns="http://schemas.microsoft.com/developer/msbuild/2003">
  <ItemGroup>
    <Filter Include="Core">
      <UniqueIdentifier>{396256f9-ef6d-46a3-bc16-5d69354e5d73}</UniqueIdentifier>
    </Filter>
    <Filter Include="Memory">
      <UniqueIdentifier>{fcedb39a-1531-4ce1-bcd8-fd0a36172ec8}</UniqueIdentifier>
    </Filter>
    <Filter Include="Service">
      <UniqueIdentifier>{38db454d-5894-4266-8dd4-7bb756b53fe6}</UniqueIdentifier>
    </Filter>
    <Filter Include="Containers">
      <UniqueIdentifier>{8bb941f2-36eb-4ce8-9a23-6aa9218d7deb}</UniqueIdentifier>
    </Filter>
    <Filter Include="Audio">
      <UniqueIdentifier>{4173f721-197e-4d14-bfaf-7c41caa1b9e1}</UniqueIdentifier>
    </Filter>
    <Filter Include="Window">
      <UniqueIdentifier>{32fbae56-4830-4999-bf61-a4782ea34ff7}</UniqueIdentifier>
    </Filter>
    <Filter Include="Graphics">
      <UniqueIdentifier>{a58d1b9c-7519-40e8-98b6-251189f61e58}</UniqueIdentifier>
    </Filter>
  </ItemGroup>
  <ItemGroup>
    <ClInclude Include="Pch.h" />
    <ClInclude Include="Core\ServiceLocator.h">
      <Filter>Core</Filter>
    </ClInclude>
    <ClInclude Include="Core\Singleton.h">
      <Filter>Core</Filter>
    </ClInclude>
    <ClInclude Include="Core\Types.h">
      <Filter>Core</Filter>
    </ClInclude>
    <ClInclude Include="Core\Vector3.h">
      <Filter>Core</Filter>
    </ClInclude>
    <ClInclude Include="Memory\StackAllocator.h">
      <Filter>Memory</Filter>
    </ClInclude>
    <ClInclude Include="Containers\DataArray.h">
      <Filter>Containers</Filter>
    </ClInclude>
    <ClInclude Include="Containers\Queue.h">
      <Filter>Containers</Filter>
    </ClInclude>
    <ClInclude Include="Service\AudioManager.h">
      <Filter>Service</Filter>
    </ClInclude>
    <ClInclude Include="Service\Logger.h">
      <Filter>Service</Filter>
    </ClInclude>
    <ClInclude Include="Service\MemoryAllocator.h">
      <Filter>Service</Filter>
    </ClInclude>
    <ClInclude Include="Memory\MemoryManager.h">
      <Filter>Memory</Filter>
    </ClInclude>
    <ClInclude Include="Core\ModuleLoader.h">
      <Filter>Core</Filter>
    </ClInclude>
    <ClInclude Include="Service\WindowManager.h">
      <Filter>Service</Filter>
    </ClInclude>
    <ClInclude Include="Service\RendererSystem.h">
      <Filter>Service</Filter>
    </ClInclude>
    <ClInclude Include="Service\InputManager.h">
      <Filter>Service</Filter>
    </ClInclude>
    <ClInclude Include="Service\InputEnums.h">
      <Filter>Core</Filter>
    </ClInclude>
    <ClInclude Include="Core\DynamicLibrary.h">
      <Filter>Core</Filter>
    </ClInclude>
    <ClInclude Include="Core\Platform.h">
      <Filter>Core</Filter>
    </ClInclude>
    <ClInclude Include="Core\ModuleExports.h">
      <Filter>Core</Filter>
    </ClInclude>
    <ClInclude Include="Core\ModuleImports.h">
      <Filter>Core</Filter>
    </ClInclude>
    <ClInclude Include="Window\WindowContext.h">
      <Filter>Window</Filter>
    </ClInclude>
    <ClInclude Include="Graphics\Texture.h">
      <Filter>Graphics</Filter>
    </ClInclude>
    <ClInclude Include="Service\TextureLoader.h">
      <Filter>Service</Filter>
    </ClInclude>
    <ClInclude Include="Graphics\Shader.h">
      <Filter>Graphics</Filter>
    </ClInclude>
    <ClInclude Include="Graphics\Mesh.h">
      <Filter>Graphics</Filter>
    </ClInclude>
  </ItemGroup>
  <ItemGroup>
    <ClCompile Include="Pch.cpp" />
    <ClCompile Include="Core\ServiceLocator.cpp">
      <Filter>Core</Filter>
    </ClCompile>
    <ClCompile Include="Core\Vector3.cpp">
      <Filter>Core</Filter>
    </ClCompile>
    <ClCompile Include="Memory\StackAllocator.cpp">
      <Filter>Memory</Filter>
    </ClCompile>
    <ClCompile Include="Memory\MemoryManager.cpp">
      <Filter>Memory</Filter>
    </ClCompile>
    <ClCompile Include="Core\ModuleLoader.cpp">
      <Filter>Core</Filter>
    </ClCompile>
    <ClCompile Include="Service\InputManager.cpp">
      <Filter>Service</Filter>
    </ClCompile>
    <ClCompile Include="Service\RendererSystem.cpp">
      <Filter>Service</Filter>
    </ClCompile>
    <ClCompile Include="Window\WindowContext.cpp">
      <Filter>Window</Filter>
    </ClCompile>
    <ClCompile Include="Graphics\Texture.cpp">
      <Filter>Graphics</Filter>
    </ClCompile>
    <ClCompile Include="Graphics\Shader.cpp">
      <Filter>Graphics</Filter>
    </ClCompile>
    <ClCompile Include="Graphics\Mesh.cpp">
      <Filter>Graphics</Filter>
    </ClCompile>
  </ItemGroup>
</Project>