
Microsoft Visual Studio Solution File, Format Version 12.00
# Visual Studio 14
VisualStudioVersion = 14.0.25420.1
MinimumVisualStudioVersion = 10.0.40219.1
Project("{8BC9CEB8-8B4A-11D0-8D11-00A0C91BC942}") = "Audio", "Audio\Audio.vcxproj", "{4C60EAAC-CB4D-4729-A0AA-3A3C5B307A34}"
EndProject
Project("{8BC9CEB8-8B4A-11D0-8D11-00A0C91BC942}") = "Input", "Input\Input.vcxproj", "{2CC258E0-BE61-4CEA-A790-63611C155A21}"
EndProject
Project("{8BC9CEB8-8B4A-11D0-8D11-00A0C91BC942}") = "AI", "AI\AI.vcxproj", "{932CD388-289C-453C-ADB5-EC83664386ED}"
EndProject
Project("{8BC9CEB8-8B4A-11D0-8D11-00A0C91BC942}") = "Platform", "Platform\Platform.vcxproj", "{DB6961C3-E4EC-4240-A829-5FC9550B4E61}"
EndProject
Project("{8BC9CEB8-8B4A-11D0-8D11-00A0C91BC942}") = "Assets", "Assets\Assets.vcxproj", "{D30CBE99-A169-4426-B2AC-BEF834C3437A}"
EndProject
Project("{8BC9CEB8-8B4A-11D0-8D11-00A0C91BC942}") = "ThirdParty", "ThirdParty\ThirdParty.vcxitems", "{45D41ACC-2C3C-43D2-BC10-02AA73FFC7C7}"
EndProject
Project("{8BC9CEB8-8B4A-11D0-8D11-00A0C91BC942}") = "Profile", "Profile\Profile.vcxproj", "{8D635BAD-E98C-4DC3-AB13-2797DAD87390}"
EndProject
Project("{8BC9CEB8-8B4A-11D0-8D11-00A0C91BC942}") = "GameplayFoundations", "GameplayFoundations\GameplayFoundations.vcxproj", "{533D6D42-3037-438D-AFE3-1B8CD3A793C4}"
EndProject
Project("{8BC9CEB8-8B4A-11D0-8D11-00A0C91BC942}") = "UI", "UI\UI.vcxproj", "{78B63C28-9681-4163-86E0-61C96902C7B2}"
EndProject
Project("{8BC9CEB8-8B4A-11D0-8D11-00A0C91BC942}") = "Renderer", "Renderer\Renderer.vcxproj", "{037CB1C2-B945-467D-83ED-AEA9157A4EAA}"
EndProject
Project("{8BC9CEB8-8B4A-11D0-8D11-00A0C91BC942}") = "Physics", "Physics\Physics.vcxproj", "{72844547-4928-418F-819B-F586D96B6EC2}"
EndProject
Project("{8BC9CEB8-8B4A-11D0-8D11-00A0C91BC942}") = "Network", "Network\Network.vcxproj", "{463AD5D5-5B76-406A-9B59-EEAB7AB3A821}"
EndProject
Project("{8BC9CEB8-8B4A-11D0-8D11-00A0C91BC942}") = "VFX", "VFX\VFX.vcxproj", "{7B5C1A49-2B43-46FF-A025-B4C596F5D115}"
EndProject
Project("{8BC9CEB8-8B4A-11D0-8D11-00A0C91BC942}") = "Core", "Core\Core.vcxproj", "{E3BDACE8-0534-4CFE-9935-A85CD45F7C56}"
EndProject
Project("{8BC9CEB8-8B4A-11D0-8D11-00A0C91BC942}") = "Samples", "Samples\Samples.vcxproj", "{9E2F9AD5-C07B-4EE6-868B-0F27CD5DAB15}"
EndProject
Global
	GlobalSection(SharedMSBuildProjectFiles) = preSolution
		ThirdParty\ThirdParty.vcxitems*{45d41acc-2c3c-43d2-bc10-02aa73ffc7c7}*SharedItemsImports = 9
		ThirdParty\ThirdParty.vcxitems*{4c60eaac-cb4d-4729-a0aa-3a3c5b307a34}*SharedItemsImports = 4
		ThirdParty\ThirdParty.vcxitems*{9e2f9ad5-c07b-4ee6-868b-0f27cd5dab15}*SharedItemsImports = 4
	EndGlobalSection
	GlobalSection(SolutionConfigurationPlatforms) = preSolution
		Debug|x64 = Debug|x64
		Debug|x86 = Debug|x86
		Release|x64 = Release|x64
		Release|x86 = Release|x86
	EndGlobalSection
	GlobalSection(ProjectConfigurationPlatforms) = postSolution
		{4C60EAAC-CB4D-4729-A0AA-3A3C5B307A34}.Debug|x64.ActiveCfg = Debug|x64
		{4C60EAAC-CB4D-4729-A0AA-3A3C5B307A34}.Debug|x64.Build.0 = Debug|x64
		{4C60EAAC-CB4D-4729-A0AA-3A3C5B307A34}.Debug|x86.ActiveCfg = Debug|Win32
		{4C60EAAC-CB4D-4729-A0AA-3A3C5B307A34}.Debug|x86.Build.0 = Debug|Win32
		{4C60EAAC-CB4D-4729-A0AA-3A3C5B307A34}.Release|x64.ActiveCfg = Release|x64
		{4C60EAAC-CB4D-4729-A0AA-3A3C5B307A34}.Release|x64.Build.0 = Release|x64
		{4C60EAAC-CB4D-4729-A0AA-3A3C5B307A34}.Release|x86.ActiveCfg = Release|Win32
		{4C60EAAC-CB4D-4729-A0AA-3A3C5B307A34}.Release|x86.Build.0 = Release|Win32
		{2CC258E0-BE61-4CEA-A790-63611C155A21}.Debug|x64.ActiveCfg = Debug|x64
		{2CC258E0-BE61-4CEA-A790-63611C155A21}.Debug|x64.Build.0 = Debug|x64
		{2CC258E0-BE61-4CEA-A790-63611C155A21}.Debug|x86.ActiveCfg = Debug|Win32
		{2CC258E0-BE61-4CEA-A790-63611C155A21}.Debug|x86.Build.0 = Debug|Win32
		{2CC258E0-BE61-4CEA-A790-63611C155A21}.Release|x64.ActiveCfg = Release|x64
		{2CC258E0-BE61-4CEA-A790-63611C155A21}.Release|x64.Build.0 = Release|x64
		{2CC258E0-BE61-4CEA-A790-63611C155A21}.Release|x86.ActiveCfg = Release|Win32
		{2CC258E0-BE61-4CEA-A790-63611C155A21}.Release|x86.Build.0 = Release|Win32
		{932CD388-289C-453C-ADB5-EC83664386ED}.Debug|x64.ActiveCfg = Debug|x64
		{932CD388-289C-453C-ADB5-EC83664386ED}.Debug|x64.Build.0 = Debug|x64
		{932CD388-289C-453C-ADB5-EC83664386ED}.Debug|x86.ActiveCfg = Debug|Win32
		{932CD388-289C-453C-ADB5-EC83664386ED}.Debug|x86.Build.0 = Debug|Win32
		{932CD388-289C-453C-ADB5-EC83664386ED}.Release|x64.ActiveCfg = Release|x64
		{932CD388-289C-453C-ADB5-EC83664386ED}.Release|x64.Build.0 = Release|x64
		{932CD388-289C-453C-ADB5-EC83664386ED}.Release|x86.ActiveCfg = Release|Win32
		{932CD388-289C-453C-ADB5-EC83664386ED}.Release|x86.Build.0 = Release|Win32
		{DB6961C3-E4EC-4240-A829-5FC9550B4E61}.Debug|x64.ActiveCfg = Debug|x64
		{DB6961C3-E4EC-4240-A829-5FC9550B4E61}.Debug|x64.Build.0 = Debug|x64
		{DB6961C3-E4EC-4240-A829-5FC9550B4E61}.Debug|x86.ActiveCfg = Debug|Win32
		{DB6961C3-E4EC-4240-A829-5FC9550B4E61}.Debug|x86.Build.0 = Debug|Win32
		{DB6961C3-E4EC-4240-A829-5FC9550B4E61}.Release|x64.ActiveCfg = Release|x64
		{DB6961C3-E4EC-4240-A829-5FC9550B4E61}.Release|x64.Build.0 = Release|x64
		{DB6961C3-E4EC-4240-A829-5FC9550B4E61}.Release|x86.ActiveCfg = Release|Win32
		{DB6961C3-E4EC-4240-A829-5FC9550B4E61}.Release|x86.Build.0 = Release|Win32
		{D30CBE99-A169-4426-B2AC-BEF834C3437A}.Debug|x64.ActiveCfg = Debug|x64
		{D30CBE99-A169-4426-B2AC-BEF834C3437A}.Debug|x64.Build.0 = Debug|x64
		{D30CBE99-A169-4426-B2AC-BEF834C3437A}.Debug|x86.ActiveCfg = Debug|Win32
		{D30CBE99-A169-4426-B2AC-BEF834C3437A}.Debug|x86.Build.0 = Debug|Win32
		{D30CBE99-A169-4426-B2AC-BEF834C3437A}.Release|x64.ActiveCfg = Release|x64
		{D30CBE99-A169-4426-B2AC-BEF834C3437A}.Release|x64.Build.0 = Release|x64
		{D30CBE99-A169-4426-B2AC-BEF834C3437A}.Release|x86.ActiveCfg = Release|Win32
		{D30CBE99-A169-4426-B2AC-BEF834C3437A}.Release|x86.Build.0 = Release|Win32
		{8D635BAD-E98C-4DC3-AB13-2797DAD87390}.Debug|x64.ActiveCfg = Debug|x64
		{8D635BAD-E98C-4DC3-AB13-2797DAD87390}.Debug|x64.Build.0 = Debug|x64
		{8D635BAD-E98C-4DC3-AB13-2797DAD87390}.Debug|x86.ActiveCfg = Debug|Win32
		{8D635BAD-E98C-4DC3-AB13-2797DAD87390}.Debug|x86.Build.0 = Debug|Win32
		{8D635BAD-E98C-4DC3-AB13-2797DAD87390}.Release|x64.ActiveCfg = Release|x64
		{8D635BAD-E98C-4DC3-AB13-2797DAD87390}.Release|x64.Build.0 = Release|x64
		{8D635BAD-E98C-4DC3-AB13-2797DAD87390}.Release|x86.ActiveCfg = Release|Win32
		{8D635BAD-E98C-4DC3-AB13-2797DAD87390}.Release|x86.Build.0 = Release|Win32
		{533D6D42-3037-438D-AFE3-1B8CD3A793C4}.Debug|x64.ActiveCfg = Debug|x64
		{533D6D42-3037-438D-AFE3-1B8CD3A793C4}.Debug|x64.Build.0 = Debug|x64
		{533D6D42-3037-438D-AFE3-1B8CD3A793C4}.Debug|x86.ActiveCfg = Debug|Win32
		{533D6D42-3037-438D-AFE3-1B8CD3A793C4}.Debug|x86.Build.0 = Debug|Win32
		{533D6D42-3037-438D-AFE3-1B8CD3A793C4}.Release|x64.ActiveCfg = Release|x64
		{533D6D42-3037-438D-AFE3-1B8CD3A793C4}.Release|x64.Build.0 = Release|x64
		{533D6D42-3037-438D-AFE3-1B8CD3A793C4}.Release|x86.ActiveCfg = Release|Win32
		{533D6D42-3037-438D-AFE3-1B8CD3A793C4}.Release|x86.Build.0 = Release|Win32
		{78B63C28-9681-4163-86E0-61C96902C7B2}.Debug|x64.ActiveCfg = Debug|x64
		{78B63C28-9681-4163-86E0-61C96902C7B2}.Debug|x64.Build.0 = Debug|x64
		{78B63C28-9681-4163-86E0-61C96902C7B2}.Debug|x86.ActiveCfg = Debug|Win32
		{78B63C28-9681-4163-86E0-61C96902C7B2}.Debug|x86.Build.0 = Debug|Win32
		{78B63C28-9681-4163-86E0-61C96902C7B2}.Release|x64.ActiveCfg = Release|x64
		{78B63C28-9681-4163-86E0-61C96902C7B2}.Release|x64.Build.0 = Release|x64
		{78B63C28-9681-4163-86E0-61C96902C7B2}.Release|x86.ActiveCfg = Release|Win32
		{78B63C28-9681-4163-86E0-61C96902C7B2}.Release|x86.Build.0 = Release|Win32
		{037CB1C2-B945-467D-83ED-AEA9157A4EAA}.Debug|x64.ActiveCfg = Debug|x64
		{037CB1C2-B945-467D-83ED-AEA9157A4EAA}.Debug|x64.Build.0 = Debug|x64
		{037CB1C2-B945-467D-83ED-AEA9157A4EAA}.Debug|x86.ActiveCfg = Debug|Win32
		{037CB1C2-B945-467D-83ED-AEA9157A4EAA}.Debug|x86.Build.0 = Debug|Win32
		{037CB1C2-B945-467D-83ED-AEA9157A4EAA}.Release|x64.ActiveCfg = Release|x64
		{037CB1C2-B945-467D-83ED-AEA9157A4EAA}.Release|x64.Build.0 = Release|x64
		{037CB1C2-B945-467D-83ED-AEA9157A4EAA}.Release|x86.ActiveCfg = Release|Win32
		{037CB1C2-B945-467D-83ED-AEA9157A4EAA}.Release|x86.Build.0 = Release|Win32
		{72844547-4928-418F-819B-F586D96B6EC2}.Debug|x64.ActiveCfg = Debug|x64
		{72844547-4928-418F-819B-F586D96B6EC2}.Debug|x64.Build.0 = Debug|x64
		{72844547-4928-418F-819B-F586D96B6EC2}.Debug|x86.ActiveCfg = Debug|Win32
		{72844547-4928-418F-819B-F586D96B6EC2}.Debug|x86.Build.0 = Debug|Win32
		{72844547-4928-418F-819B-F586D96B6EC2}.Release|x64.ActiveCfg = Release|x64
		{72844547-4928-418F-819B-F586D96B6EC2}.Release|x64.Build.0 = Release|x64
		{72844547-4928-418F-819B-F586D96B6EC2}.Release|x86.ActiveCfg = Release|Win32
		{72844547-4928-418F-819B-F586D96B6EC2}.Release|x86.Build.0 = Release|Win32
		{463AD5D5-5B76-406A-9B59-EEAB7AB3A821}.Debug|x64.ActiveCfg = Debug|x64
		{463AD5D5-5B76-406A-9B59-EEAB7AB3A821}.Debug|x64.Build.0 = Debug|x64
		{463AD5D5-5B76-406A-9B59-EEAB7AB3A821}.Debug|x86.ActiveCfg = Debug|Win32
		{463AD5D5-5B76-406A-9B59-EEAB7AB3A821}.Debug|x86.Build.0 = Debug|Win32
		{463AD5D5-5B76-406A-9B59-EEAB7AB3A821}.Release|x64.ActiveCfg = Release|x64
		{463AD5D5-5B76-406A-9B59-EEAB7AB3A821}.Release|x64.Build.0 = Release|x64
		{463AD5D5-5B76-406A-9B59-EEAB7AB3A821}.Release|x86.ActiveCfg = Release|Win32
		{463AD5D5-5B76-406A-9B59-EEAB7AB3A821}.Release|x86.Build.0 = Release|Win32
		{7B5C1A49-2B43-46FF-A025-B4C596F5D115}.Debug|x64.ActiveCfg = Debug|x64
		{7B5C1A49-2B43-46FF-A025-B4C596F5D115}.Debug|x64.Build.0 = Debug|x64
		{7B5C1A49-2B43-46FF-A025-B4C596F5D115}.Debug|x86.ActiveCfg = Debug|Win32
		{7B5C1A49-2B43-46FF-A025-B4C596F5D115}.Debug|x86.Build.0 = Debug|Win32
		{7B5C1A49-2B43-46FF-A025-B4C596F5D115}.Release|x64.ActiveCfg = Release|x64
		{7B5C1A49-2B43-46FF-A025-B4C596F5D115}.Release|x64.Build.0 = Release|x64
		{7B5C1A49-2B43-46FF-A025-B4C596F5D115}.Release|x86.ActiveCfg = Release|Win32
		{7B5C1A49-2B43-46FF-A025-B4C596F5D115}.Release|x86.Build.0 = Release|Win32
		{E3BDACE8-0534-4CFE-9935-A85CD45F7C56}.Debug|x64.ActiveCfg = Debug|x64
		{E3BDACE8-0534-4CFE-9935-A85CD45F7C56}.Debug|x64.Build.0 = Debug|x64
		{E3BDACE8-0534-4CFE-9935-A85CD45F7C56}.Debug|x86.ActiveCfg = Debug|Win32
		{E3BDACE8-0534-4CFE-9935-A85CD45F7C56}.Debug|x86.Build.0 = Debug|Win32
		{E3BDACE8-0534-4CFE-9935-A85CD45F7C56}.Release|x64.ActiveCfg = Release|x64
		{E3BDACE8-0534-4CFE-9935-A85CD45F7C56}.Release|x64.Build.0 = Release|x64
		{E3BDACE8-0534-4CFE-9935-A85CD45F7C56}.Release|x86.ActiveCfg = Release|Win32
		{E3BDACE8-0534-4CFE-9935-A85CD45F7C56}.Release|x86.Build.0 = Release|Win32
		{9E2F9AD5-C07B-4EE6-868B-0F27CD5DAB15}.Debug|x64.ActiveCfg = Debug|x64
		{9E2F9AD5-C07B-4EE6-868B-0F27CD5DAB15}.Debug|x64.Build.0 = Debug|x64
		{9E2F9AD5-C07B-4EE6-868B-0F27CD5DAB15}.Debug|x86.ActiveCfg = Debug|Win32
		{9E2F9AD5-C07B-4EE6-868B-0F27CD5DAB15}.Debug|x86.Build.0 = Debug|Win32
		{9E2F9AD5-C07B-4EE6-868B-0F27CD5DAB15}.Release|x64.ActiveCfg = Release|x64
		{9E2F9AD5-C07B-4EE6-868B-0F27CD5DAB15}.Release|x64.Build.0 = Release|x64
		{9E2F9AD5-C07B-4EE6-868B-0F27CD5DAB15}.Release|x86.ActiveCfg = Release|Win32
		{9E2F9AD5-C07B-4EE6-868B-0F27CD5DAB15}.Release|x86.Build.0 = Release|Win32
	EndGlobalSection
	GlobalSection(SolutionProperties) = preSolution
		HideSolutionNode = FALSE
	EndGlobalSection
EndGlobal
